// !$*UTF8*$!
{
	archiveVersion = 1;
	classes = {
	};
	objectVersion = 48;
	objects = {

/* Begin PBXBuildFile section */
		C3CB7DD628B8BFD7A108ECDC /* Pods_SmartHome.framework in Frameworks */ = {isa = PBXBuildFile; fileRef = 97DEAF94A9D89B654EBD4A21 /* Pods_SmartHome.framework */; };
		E60FE1BF21898E2E00991666 /* AuthViewController.swift in Sources */ = {isa = PBXBuildFile; fileRef = E60FE1BE21898E2E00991666 /* AuthViewController.swift */; };
		E64F18CF217E0AEA0082726A /* DefaultCells.swift in Sources */ = {isa = PBXBuildFile; fileRef = E64F18CE217E0AEA0082726A /* DefaultCells.swift */; };
		E64F18D1217E53840082726A /* HomeCollectionViewController.swift in Sources */ = {isa = PBXBuildFile; fileRef = E64F18D0217E53840082726A /* HomeCollectionViewController.swift */; };
		E664FB522189D59D00158BE6 /* GoogleService-Info.plist in Resources */ = {isa = PBXBuildFile; fileRef = E664FB512189D59D00158BE6 /* GoogleService-Info.plist */; };
		E664FB542189DCD200158BE6 /* OutsideViewController.swift in Sources */ = {isa = PBXBuildFile; fileRef = E664FB532189DCD200158BE6 /* OutsideViewController.swift */; };
		E6655877216778BA00D66C08 /* AppDelegate.swift in Sources */ = {isa = PBXBuildFile; fileRef = E6655876216778BA00D66C08 /* AppDelegate.swift */; };
		E6655879216778BA00D66C08 /* ViewController.swift in Sources */ = {isa = PBXBuildFile; fileRef = E6655878216778BA00D66C08 /* ViewController.swift */; };
		E665587C216778BA00D66C08 /* Main.storyboard in Resources */ = {isa = PBXBuildFile; fileRef = E665587A216778BA00D66C08 /* Main.storyboard */; };
		E665587E216778BA00D66C08 /* Assets.xcassets in Resources */ = {isa = PBXBuildFile; fileRef = E665587D216778BA00D66C08 /* Assets.xcassets */; };
		E6655881216778BA00D66C08 /* LaunchScreen.storyboard in Resources */ = {isa = PBXBuildFile; fileRef = E665587F216778BA00D66C08 /* LaunchScreen.storyboard */; };
		E6F73EDD218B47E40006CE26 /* LineChartViewController.swift in Sources */ = {isa = PBXBuildFile; fileRef = E6F73EDC218B47E40006CE26 /* LineChartViewController.swift */; };
		E6F73EDF218C45730006CE26 /* Util.swift in Sources */ = {isa = PBXBuildFile; fileRef = E6F73EDE218C45730006CE26 /* Util.swift */; };
		E6F7D9CB218B1468008BE0C7 /* AppliancesViewController.swift in Sources */ = {isa = PBXBuildFile; fileRef = E6F7D9CA218B1468008BE0C7 /* AppliancesViewController.swift */; };
/* End PBXBuildFile section */

/* Begin PBXFileReference section */
		265EEA02E61D9B68CE45C2D4 /* Pods-SmartHome.debug.xcconfig */ = {isa = PBXFileReference; includeInIndex = 1; lastKnownFileType = text.xcconfig; name = "Pods-SmartHome.debug.xcconfig"; path = "Pods/Target Support Files/Pods-SmartHome/Pods-SmartHome.debug.xcconfig"; sourceTree = "<group>"; };
		3AA7E4A9CB11FB2E18F2B5A5 /* Pods-SmartHome.release.xcconfig */ = {isa = PBXFileReference; includeInIndex = 1; lastKnownFileType = text.xcconfig; name = "Pods-SmartHome.release.xcconfig"; path = "Pods/Target Support Files/Pods-SmartHome/Pods-SmartHome.release.xcconfig"; sourceTree = "<group>"; };
		97DEAF94A9D89B654EBD4A21 /* Pods_SmartHome.framework */ = {isa = PBXFileReference; explicitFileType = wrapper.framework; includeInIndex = 0; path = Pods_SmartHome.framework; sourceTree = BUILT_PRODUCTS_DIR; };
		E60FE1BE21898E2E00991666 /* AuthViewController.swift */ = {isa = PBXFileReference; lastKnownFileType = sourcecode.swift; path = AuthViewController.swift; sourceTree = "<group>"; };
		E64F18CE217E0AEA0082726A /* DefaultCells.swift */ = {isa = PBXFileReference; lastKnownFileType = sourcecode.swift; path = DefaultCells.swift; sourceTree = "<group>"; };
		E64F18D0217E53840082726A /* HomeCollectionViewController.swift */ = {isa = PBXFileReference; lastKnownFileType = sourcecode.swift; path = HomeCollectionViewController.swift; sourceTree = "<group>"; };
		E664FB512189D59D00158BE6 /* GoogleService-Info.plist */ = {isa = PBXFileReference; fileEncoding = 4; lastKnownFileType = text.plist.xml; path = "GoogleService-Info.plist"; sourceTree = "<group>"; };
		E664FB532189DCD200158BE6 /* OutsideViewController.swift */ = {isa = PBXFileReference; lastKnownFileType = sourcecode.swift; path = OutsideViewController.swift; sourceTree = "<group>"; };
		E6655873216778BA00D66C08 /* SmartHome.app */ = {isa = PBXFileReference; explicitFileType = wrapper.application; includeInIndex = 0; path = SmartHome.app; sourceTree = BUILT_PRODUCTS_DIR; };
		E6655876216778BA00D66C08 /* AppDelegate.swift */ = {isa = PBXFileReference; lastKnownFileType = sourcecode.swift; path = AppDelegate.swift; sourceTree = "<group>"; };
		E6655878216778BA00D66C08 /* ViewController.swift */ = {isa = PBXFileReference; lastKnownFileType = sourcecode.swift; path = ViewController.swift; sourceTree = "<group>"; };
		E665587B216778BA00D66C08 /* Base */ = {isa = PBXFileReference; lastKnownFileType = file.storyboard; name = Base; path = Base.lproj/Main.storyboard; sourceTree = "<group>"; };
		E665587D216778BA00D66C08 /* Assets.xcassets */ = {isa = PBXFileReference; lastKnownFileType = folder.assetcatalog; path = Assets.xcassets; sourceTree = "<group>"; };
		E6655880216778BA00D66C08 /* Base */ = {isa = PBXFileReference; lastKnownFileType = file.storyboard; name = Base; path = Base.lproj/LaunchScreen.storyboard; sourceTree = "<group>"; };
		E6655882216778BA00D66C08 /* Info.plist */ = {isa = PBXFileReference; lastKnownFileType = text.plist.xml; path = Info.plist; sourceTree = "<group>"; };
		E6F73EDC218B47E40006CE26 /* LineChartViewController.swift */ = {isa = PBXFileReference; lastKnownFileType = sourcecode.swift; path = LineChartViewController.swift; sourceTree = "<group>"; };
		E6F73EDE218C45730006CE26 /* Util.swift */ = {isa = PBXFileReference; lastKnownFileType = sourcecode.swift; path = Util.swift; sourceTree = "<group>"; };
		E6F7D9CA218B1468008BE0C7 /* AppliancesViewController.swift */ = {isa = PBXFileReference; lastKnownFileType = sourcecode.swift; path = AppliancesViewController.swift; sourceTree = "<group>"; };
/* End PBXFileReference section */

/* Begin PBXFrameworksBuildPhase section */
		E6655870216778BA00D66C08 /* Frameworks */ = {
			isa = PBXFrameworksBuildPhase;
			buildActionMask = 2147483647;
			files = (
				C3CB7DD628B8BFD7A108ECDC /* Pods_SmartHome.framework in Frameworks */,
			);
			runOnlyForDeploymentPostprocessing = 0;
		};
/* End PBXFrameworksBuildPhase section */

/* Begin PBXGroup section */
		654940C7EB77B7B30AE7DDEF /* Frameworks */ = {
			isa = PBXGroup;
			children = (
				97DEAF94A9D89B654EBD4A21 /* Pods_SmartHome.framework */,
			);
			name = Frameworks;
			sourceTree = "<group>";
		};
		894138E6E3361879621BF19B /* Pods */ = {
			isa = PBXGroup;
			children = (
				265EEA02E61D9B68CE45C2D4 /* Pods-SmartHome.debug.xcconfig */,
				3AA7E4A9CB11FB2E18F2B5A5 /* Pods-SmartHome.release.xcconfig */,
			);
			name = Pods;
			sourceTree = "<group>";
		};
		E665586A216778BA00D66C08 = {
			isa = PBXGroup;
			children = (
				E6655875216778BA00D66C08 /* SmartHome */,
				E6655874216778BA00D66C08 /* Products */,
				894138E6E3361879621BF19B /* Pods */,
				654940C7EB77B7B30AE7DDEF /* Frameworks */,
			);
			sourceTree = "<group>";
		};
		E6655874216778BA00D66C08 /* Products */ = {
			isa = PBXGroup;
			children = (
				E6655873216778BA00D66C08 /* SmartHome.app */,
			);
			name = Products;
			sourceTree = "<group>";
		};
		E6655875216778BA00D66C08 /* SmartHome */ = {
			isa = PBXGroup;
			children = (
				E6655876216778BA00D66C08 /* AppDelegate.swift */,
				E6655878216778BA00D66C08 /* ViewController.swift */,
				E664FB512189D59D00158BE6 /* GoogleService-Info.plist */,
				E665587A216778BA00D66C08 /* Main.storyboard */,
				E665587D216778BA00D66C08 /* Assets.xcassets */,
				E665587F216778BA00D66C08 /* LaunchScreen.storyboard */,
				E6655882216778BA00D66C08 /* Info.plist */,
				E64F18CE217E0AEA0082726A /* DefaultCells.swift */,
				E64F18D0217E53840082726A /* HomeCollectionViewController.swift */,
				E60FE1BE21898E2E00991666 /* AuthViewController.swift */,
				E664FB532189DCD200158BE6 /* OutsideViewController.swift */,
				E6F7D9CA218B1468008BE0C7 /* AppliancesViewController.swift */,
				E6F73EDC218B47E40006CE26 /* LineChartViewController.swift */,
				E6F73EDE218C45730006CE26 /* Util.swift */,
			);
			path = SmartHome;
			sourceTree = "<group>";
		};
/* End PBXGroup section */

/* Begin PBXNativeTarget section */
		E6655872216778BA00D66C08 /* SmartHome */ = {
			isa = PBXNativeTarget;
			buildConfigurationList = E6655885216778BA00D66C08 /* Build configuration list for PBXNativeTarget "SmartHome" */;
			buildPhases = (
				0316E5729FAFBE197C74427B /* [CP] Check Pods Manifest.lock */,
				E665586F216778BA00D66C08 /* Sources */,
				E6655870216778BA00D66C08 /* Frameworks */,
				E6655871216778BA00D66C08 /* Resources */,
				0CCDE60FC576F3DEB7A3EBFC /* [CP] Embed Pods Frameworks */,
			);
			buildRules = (
			);
			dependencies = (
			);
			name = SmartHome;
			productName = SmartHome;
			productReference = E6655873216778BA00D66C08 /* SmartHome.app */;
			productType = "com.apple.product-type.application";
		};
/* End PBXNativeTarget section */

/* Begin PBXProject section */
		E665586B216778BA00D66C08 /* Project object */ = {
			isa = PBXProject;
			attributes = {
				LastSwiftUpdateCheck = 0910;
				LastUpgradeCheck = 0910;
				ORGANIZATIONNAME = "Akhilesh Lamba";
				TargetAttributes = {
					E6655872216778BA00D66C08 = {
						CreatedOnToolsVersion = 9.1;
						ProvisioningStyle = Automatic;
					};
				};
			};
			buildConfigurationList = E665586E216778BA00D66C08 /* Build configuration list for PBXProject "SmartHome" */;
			compatibilityVersion = "Xcode 8.0";
			developmentRegion = en;
			hasScannedForEncodings = 0;
			knownRegions = (
				en,
				Base,
			);
			mainGroup = E665586A216778BA00D66C08;
			productRefGroup = E6655874216778BA00D66C08 /* Products */;
			projectDirPath = "";
			projectRoot = "";
			targets = (
				E6655872216778BA00D66C08 /* SmartHome */,
			);
		};
/* End PBXProject section */

/* Begin PBXResourcesBuildPhase section */
		E6655871216778BA00D66C08 /* Resources */ = {
			isa = PBXResourcesBuildPhase;
			buildActionMask = 2147483647;
			files = (
				E6655881216778BA00D66C08 /* LaunchScreen.storyboard in Resources */,
				E665587E216778BA00D66C08 /* Assets.xcassets in Resources */,
				E665587C216778BA00D66C08 /* Main.storyboard in Resources */,
				E664FB522189D59D00158BE6 /* GoogleService-Info.plist in Resources */,
			);
			runOnlyForDeploymentPostprocessing = 0;
		};
/* End PBXResourcesBuildPhase section */

/* Begin PBXShellScriptBuildPhase section */
		0316E5729FAFBE197C74427B /* [CP] Check Pods Manifest.lock */ = {
			isa = PBXShellScriptBuildPhase;
			buildActionMask = 2147483647;
			files = (
			);
			inputPaths = (
				"${PODS_PODFILE_DIR_PATH}/Podfile.lock",
				"${PODS_ROOT}/Manifest.lock",
			);
			name = "[CP] Check Pods Manifest.lock";
			outputPaths = (
				"$(DERIVED_FILE_DIR)/Pods-SmartHome-checkManifestLockResult.txt",
			);
			runOnlyForDeploymentPostprocessing = 0;
			shellPath = /bin/sh;
			shellScript = "diff \"${PODS_PODFILE_DIR_PATH}/Podfile.lock\" \"${PODS_ROOT}/Manifest.lock\" > /dev/null\nif [ $? != 0 ] ; then\n    # print error to STDERR\n    echo \"error: The sandbox is not in sync with the Podfile.lock. Run 'pod install' or update your CocoaPods installation.\" >&2\n    exit 1\nfi\n# This output is used by Xcode 'outputs' to avoid re-running this script phase.\necho \"SUCCESS\" > \"${SCRIPT_OUTPUT_FILE_0}\"\n";
			showEnvVarsInLog = 0;
		};
		0CCDE60FC576F3DEB7A3EBFC /* [CP] Embed Pods Frameworks */ = {
			isa = PBXShellScriptBuildPhase;
			buildActionMask = 2147483647;
			files = (
			);
			inputPaths = (
				"${SRCROOT}/Pods/Target Support Files/Pods-SmartHome/Pods-SmartHome-frameworks.sh",
				"${BUILT_PRODUCTS_DIR}/Charts/Charts.framework",
				"${BUILT_PRODUCTS_DIR}/GTMSessionFetcher/GTMSessionFetcher.framework",
				"${BUILT_PRODUCTS_DIR}/GoogleUtilities/GoogleUtilities.framework",
				"${BUILT_PRODUCTS_DIR}/leveldb-library/leveldb.framework",
				"${BUILT_PRODUCTS_DIR}/nanopb/nanopb.framework",
			);
			name = "[CP] Embed Pods Frameworks";
			outputPaths = (
				"${TARGET_BUILD_DIR}/${FRAMEWORKS_FOLDER_PATH}/Charts.framework",
				"${TARGET_BUILD_DIR}/${FRAMEWORKS_FOLDER_PATH}/GTMSessionFetcher.framework",
				"${TARGET_BUILD_DIR}/${FRAMEWORKS_FOLDER_PATH}/GoogleUtilities.framework",
				"${TARGET_BUILD_DIR}/${FRAMEWORKS_FOLDER_PATH}/leveldb.framework",
				"${TARGET_BUILD_DIR}/${FRAMEWORKS_FOLDER_PATH}/nanopb.framework",
			);
			runOnlyForDeploymentPostprocessing = 0;
			shellPath = /bin/sh;
			shellScript = "\"${SRCROOT}/Pods/Target Support Files/Pods-SmartHome/Pods-SmartHome-frameworks.sh\"\n";
			showEnvVarsInLog = 0;
		};
/* End PBXShellScriptBuildPhase section */

/* Begin PBXSourcesBuildPhase section */
		E665586F216778BA00D66C08 /* Sources */ = {
			isa = PBXSourcesBuildPhase;
			buildActionMask = 2147483647;
			files = (
				E6F7D9CB218B1468008BE0C7 /* AppliancesViewController.swift in Sources */,
				E6F73EDF218C45730006CE26 /* Util.swift in Sources */,
				E6F73EDD218B47E40006CE26 /* LineChartViewController.swift in Sources */,
				E6655879216778BA00D66C08 /* ViewController.swift in Sources */,
				E64F18D1217E53840082726A /* HomeCollectionViewController.swift in Sources */,
				E664FB542189DCD200158BE6 /* OutsideViewController.swift in Sources */,
				E60FE1BF21898E2E00991666 /* AuthViewController.swift in Sources */,
				E64F18CF217E0AEA0082726A /* DefaultCells.swift in Sources */,
				E6655877216778BA00D66C08 /* AppDelegate.swift in Sources */,
			);
			runOnlyForDeploymentPostprocessing = 0;
		};
/* End PBXSourcesBuildPhase section */

/* Begin PBXVariantGroup section */
		E665587A216778BA00D66C08 /* Main.storyboard */ = {
			isa = PBXVariantGroup;
			children = (
				E665587B216778BA00D66C08 /* Base */,
			);
			name = Main.storyboard;
			sourceTree = "<group>";
		};
		E665587F216778BA00D66C08 /* LaunchScreen.storyboard */ = {
			isa = PBXVariantGroup;
			children = (
				E6655880216778BA00D66C08 /* Base */,
			);
			name = LaunchScreen.storyboard;
			sourceTree = "<group>";
		};
/* End PBXVariantGroup section */

/* Begin XCBuildConfiguration section */
		E6655883216778BA00D66C08 /* Debug */ = {
			isa = XCBuildConfiguration;
			buildSettings = {
				ALWAYS_SEARCH_USER_PATHS = NO;
				CLANG_ANALYZER_NONNULL = YES;
				CLANG_ANALYZER_NUMBER_OBJECT_CONVERSION = YES_AGGRESSIVE;
				CLANG_CXX_LANGUAGE_STANDARD = "gnu++14";
				CLANG_CXX_LIBRARY = "libc++";
				CLANG_ENABLE_MODULES = YES;
				CLANG_ENABLE_OBJC_ARC = YES;
				CLANG_WARN_BLOCK_CAPTURE_AUTORELEASING = YES;
				CLANG_WARN_BOOL_CONVERSION = YES;
				CLANG_WARN_COMMA = YES;
				CLANG_WARN_CONSTANT_CONVERSION = YES;
				CLANG_WARN_DIRECT_OBJC_ISA_USAGE = YES_ERROR;
				CLANG_WARN_DOCUMENTATION_COMMENTS = YES;
				CLANG_WARN_EMPTY_BODY = YES;
				CLANG_WARN_ENUM_CONVERSION = YES;
				CLANG_WARN_INFINITE_RECURSION = YES;
				CLANG_WARN_INT_CONVERSION = YES;
				CLANG_WARN_NON_LITERAL_NULL_CONVERSION = YES;
				CLANG_WARN_OBJC_LITERAL_CONVERSION = YES;
				CLANG_WARN_OBJC_ROOT_CLASS = YES_ERROR;
				CLANG_WARN_RANGE_LOOP_ANALYSIS = YES;
				CLANG_WARN_STRICT_PROTOTYPES = YES;
				CLANG_WARN_SUSPICIOUS_MOVE = YES;
				CLANG_WARN_UNGUARDED_AVAILABILITY = YES_AGGRESSIVE;
				CLANG_WARN_UNREACHABLE_CODE = YES;
				CLANG_WARN__DUPLICATE_METHOD_MATCH = YES;
				CODE_SIGN_IDENTITY = "iPhone Developer";
				COPY_PHASE_STRIP = NO;
				DEBUG_INFORMATION_FORMAT = dwarf;
				ENABLE_STRICT_OBJC_MSGSEND = YES;
				ENABLE_TESTABILITY = YES;
				GCC_C_LANGUAGE_STANDARD = gnu11;
				GCC_DYNAMIC_NO_PIC = NO;
				GCC_NO_COMMON_BLOCKS = YES;
				GCC_OPTIMIZATION_LEVEL = 0;
				GCC_PREPROCESSOR_DEFINITIONS = (
					"DEBUG=1",
					"$(inherited)",
				);
				GCC_WARN_64_TO_32_BIT_CONVERSION = YES;
				GCC_WARN_ABOUT_RETURN_TYPE = YES_ERROR;
				GCC_WARN_UNDECLARED_SELECTOR = YES;
				GCC_WARN_UNINITIALIZED_AUTOS = YES_AGGRESSIVE;
				GCC_WARN_UNUSED_FUNCTION = YES;
				GCC_WARN_UNUSED_VARIABLE = YES;
				IPHONEOS_DEPLOYMENT_TARGET = 11.1;
				MTL_ENABLE_DEBUG_INFO = YES;
				ONLY_ACTIVE_ARCH = YES;
				SDKROOT = iphoneos;
				SWIFT_ACTIVE_COMPILATION_CONDITIONS = DEBUG;
				SWIFT_OPTIMIZATION_LEVEL = "-Onone";
			};
			name = Debug;
		};
		E6655884216778BA00D66C08 /* Release */ = {
			isa = XCBuildConfiguration;
			buildSettings = {
				ALWAYS_SEARCH_USER_PATHS = NO;
				CLANG_ANALYZER_NONNULL = YES;
				CLANG_ANALYZER_NUMBER_OBJECT_CONVERSION = YES_AGGRESSIVE;
				CLANG_CXX_LANGUAGE_STANDARD = "gnu++14";
				CLANG_CXX_LIBRARY = "libc++";
				CLANG_ENABLE_MODULES = YES;
				CLANG_ENABLE_OBJC_ARC = YES;
				CLANG_WARN_BLOCK_CAPTURE_AUTORELEASING = YES;
				CLANG_WARN_BOOL_CONVERSION = YES;
				CLANG_WARN_COMMA = YES;
				CLANG_WARN_CONSTANT_CONVERSION = YES;
				CLANG_WARN_DIRECT_OBJC_ISA_USAGE = YES_ERROR;
				CLANG_WARN_DOCUMENTATION_COMMENTS = YES;
				CLANG_WARN_EMPTY_BODY = YES;
				CLANG_WARN_ENUM_CONVERSION = YES;
				CLANG_WARN_INFINITE_RECURSION = YES;
				CLANG_WARN_INT_CONVERSION = YES;
				CLANG_WARN_NON_LITERAL_NULL_CONVERSION = YES;
				CLANG_WARN_OBJC_LITERAL_CONVERSION = YES;
				CLANG_WARN_OBJC_ROOT_CLASS = YES_ERROR;
				CLANG_WARN_RANGE_LOOP_ANALYSIS = YES;
				CLANG_WARN_STRICT_PROTOTYPES = YES;
				CLANG_WARN_SUSPICIOUS_MOVE = YES;
				CLANG_WARN_UNGUARDED_AVAILABILITY = YES_AGGRESSIVE;
				CLANG_WARN_UNREACHABLE_CODE = YES;
				CLANG_WARN__DUPLICATE_METHOD_MATCH = YES;
				CODE_SIGN_IDENTITY = "iPhone Developer";
				COPY_PHASE_STRIP = NO;
				DEBUG_INFORMATION_FORMAT = "dwarf-with-dsym";
				ENABLE_NS_ASSERTIONS = NO;
				ENABLE_STRICT_OBJC_MSGSEND = YES;
				GCC_C_LANGUAGE_STANDARD = gnu11;
				GCC_NO_COMMON_BLOCKS = YES;
				GCC_WARN_64_TO_32_BIT_CONVERSION = YES;
				GCC_WARN_ABOUT_RETURN_TYPE = YES_ERROR;
				GCC_WARN_UNDECLARED_SELECTOR = YES;
				GCC_WARN_UNINITIALIZED_AUTOS = YES_AGGRESSIVE;
				GCC_WARN_UNUSED_FUNCTION = YES;
				GCC_WARN_UNUSED_VARIABLE = YES;
				IPHONEOS_DEPLOYMENT_TARGET = 11.1;
				MTL_ENABLE_DEBUG_INFO = NO;
				SDKROOT = iphoneos;
				SWIFT_OPTIMIZATION_LEVEL = "-Owholemodule";
				VALIDATE_PRODUCT = YES;
			};
			name = Release;
		};
		E6655886216778BA00D66C08 /* Debug */ = {
			isa = XCBuildConfiguration;
			baseConfigurationReference = 265EEA02E61D9B68CE45C2D4 /* Pods-SmartHome.debug.xcconfig */;
			buildSettings = {
				ASSETCATALOG_COMPILER_APPICON_NAME = AppIcon;
				CODE_SIGN_STYLE = Automatic;
				DEVELOPMENT_TEAM = 5MFW25MTYT;
				INFOPLIST_FILE = SmartHome/Info.plist;
				LD_RUNPATH_SEARCH_PATHS = "$(inherited) @executable_path/Frameworks";
				PRODUCT_BUNDLE_IDENTIFIER = Monash.SmartHome;
				PRODUCT_NAME = "$(TARGET_NAME)";
				SWIFT_VERSION = 4.0;
				TARGETED_DEVICE_FAMILY = "1,2";
			};
			name = Debug;
		};
		E6655887216778BA00D66C08 /* Release */ = {
			isa = XCBuildConfiguration;
			baseConfigurationReference = 3AA7E4A9CB11FB2E18F2B5A5 /* Pods-SmartHome.release.xcconfig */;
			buildSettings = {
				ASSETCATALOG_COMPILER_APPICON_NAME = AppIcon;
				CODE_SIGN_STYLE = Automatic;
				DEVELOPMENT_TEAM = 5MFW25MTYT;
				INFOPLIST_FILE = SmartHome/Info.plist;
				LD_RUNPATH_SEARCH_PATHS = "$(inherited) @executable_path/Frameworks";
				PRODUCT_BUNDLE_IDENTIFIER = Monash.SmartHome;
				PRODUCT_NAME = "$(TARGET_NAME)";
				SWIFT_VERSION = 4.0;
				TARGETED_DEVICE_FAMILY = "1,2";
			};
			name = Release;
		};
/* End XCBuildConfiguration section */

/* Begin XCConfigurationList section */
		E665586E216778BA00D66C08 /* Build configuration list for PBXProject "SmartHome" */ = {
			isa = XCConfigurationList;
			buildConfigurations = (
				E6655883216778BA00D66C08 /* Debug */,
				E6655884216778BA00D66C08 /* Release */,
			);
			defaultConfigurationIsVisible = 0;
			defaultConfigurationName = Release;
		};
		E6655885216778BA00D66C08 /* Build configuration list for PBXNativeTarget "SmartHome" */ = {
			isa = XCConfigurationList;
			buildConfigurations = (
				E6655886216778BA00D66C08 /* Debug */,
				E6655887216778BA00D66C08 /* Release */,
			);
			defaultConfigurationIsVisible = 0;
			defaultConfigurationName = Release;
		};
/* End XCConfigurationList section */
	};
	rootObject = E665586B216778BA00D66C08 /* Project object */;
}
